PODS:
  - CocoaLumberjack (3.4.0):
    - CocoaLumberjack/Default (= 3.4.0)
    - CocoaLumberjack/Extensions (= 3.4.0)
  - CocoaLumberjack/Default (3.4.0)
  - CocoaLumberjack/Extensions (3.4.0):
    - CocoaLumberjack/Default
  - ReactiveObjC (3.1.0)

DEPENDENCIES:
  - CocoaLumberjack
  - ReactiveObjC

SPEC CHECKSUMS:
  CocoaLumberjack: e033a5d8513357af2dd456eb66e202c325c30627
  ReactiveObjC: 2a38ea15335de4119d8b17caf1db1484f61db902

PODFILE CHECKSUM: 3f1d0021e3e67ad2da7852c5ace94aff01d92657

COCOAPODS: 1.4.0
