// !$*UTF8*$!
{
	archiveVersion = 1;
	classes = {
	};
	objectVersion = 48;
	objects = {

/* Begin PBXBuildFile section */
		06274392373D51C0E191DB690B3A601A /* AppDelegate.m in Sources */ = {isa = PBXBuildFile; fileRef = AD6090E8B876E5B87F61C5B676021FDA /* AppDelegate.m */; };
		114F020F102E63708A26D583F80AE2DE /* Main.storyboard in Resources */ = {isa = PBXBuildFile; fileRef = 4C1D28B73BB3C52FCB63F364B85102FD /* Main.storyboard */; };
		1480BAD8FBFE0BB01DAA136D9E0BC320 /* CLCMiscUtils.m in Sources */ = {isa = PBXBuildFile; fileRef = E6FFE70B1B1A9001DC31FDE688ABCDA9 /* CLCMiscUtils.m */; };
		157179F88FD5B5A82F1E32CCBEEF5F76 /* Pods_SoftRouterMonitor.framework in Frameworks */ = {isa = PBXBuildFile; fileRef = A3F8EF6D5BDDA86F466B420F64F298EB /* Pods_SoftRouterMonitor.framework */; };
		2C6C018ACA8CFC859A6E190BB9023EAB /* CLCSoftRouterStatusMonitorView.m in Sources */ = {isa = PBXBuildFile; fileRef = 97F96A4FB6A44DE6D989A708B9900A28 /* CLCSoftRouterStatusMonitorView.m */; };
		37EB25174D1F5838428839D25FA6C166 /* CLCSoftRouterManager.m in Sources */ = {isa = PBXBuildFile; fileRef = 787108D7316B5580D40A5DC61440742E /* CLCSoftRouterManager.m */; };
		3BDB15B4DDC189943BA39BF696345C34 /* CLCStatusMenuController.m in Sources */ = {isa = PBXBuildFile; fileRef = 72D3E3162B8989D76F1E7974094071CD /* CLCStatusMenuController.m */; };
		56E05780FC6CA104C7DFD325F54BF7AE /* ViewController.m in Sources */ = {isa = PBXBuildFile; fileRef = 09E3505FF80FFB6E3470E6438D44046A /* ViewController.m */; };
		5A5DE159499A59F1E2093C71 /* CLCShellExecutor.m in Sources */ = {isa = PBXBuildFile; fileRef = 5A5DEF659163D1F6F3750837 /* CLCShellExecutor.m */; };
		6102A42C213AE546002796B7 /* CLCHttpServer.m in Sources */ = {isa = PBXBuildFile; fileRef = 6102A42B213AE546002796B7 /* CLCHttpServer.m */; };
		9E565D97B2044C185D9FC0B2A63162CE /* CLCLogFormatter.m in Sources */ = {isa = PBXBuildFile; fileRef = 92205BA5F7F30857699BCC142F865E4D /* CLCLogFormatter.m */; };
		AE0BCB6D6FE6006FE452861543B2617A /* Reachability.m in Sources */ = {isa = PBXBuildFile; fileRef = 6B5A834B2D65CE95E94F80A3785DA2B0 /* Reachability.m */; };
		B6FCD2A1ACE94FF56CE6E5FB1313344A /* CLCShellUtils.m in Sources */ = {isa = PBXBuildFile; fileRef = D47ECECF81739ABB7E079D499DD1E373 /* CLCShellUtils.m */; };
		B7D04D522F2D4F440098C4D58A5C0908 /* CLCNetInterfaceStatusManager.m in Sources */ = {isa = PBXBuildFile; fileRef = D32489C59FE13161B021B5EADF51BF40 /* CLCNetInterfaceStatusManager.m */; };
		C8507A3E9A71C3E42ED028F40662FF31 /* Assets.xcassets in Resources */ = {isa = PBXBuildFile; fileRef = 5AC904AD5C1CC0F023164AC0FA09129E /* Assets.xcassets */; };
		E1D7006D2743325815099D139CD63703 /* main.m in Sources */ = {isa = PBXBuildFile; fileRef = BBEEA138C488031DABDA001D60166228 /* main.m */; };
		F3F7AC24CF0FE60A054B240529656E16 /* CLCLogger.m in Sources */ = {isa = PBXBuildFile; fileRef = 747C40A38BD6A058DEF05A39B807E961 /* CLCLogger.m */; };
/* End PBXBuildFile section */

/* Begin PBXFileReference section */
		09E3505FF80FFB6E3470E6438D44046A /* ViewController.m */ = {isa = PBXFileReference; lastKnownFileType = sourcecode.c.objc; path = ViewController.m; sourceTree = "<group>"; };
		1B2DB6A28A726E3FBFA3F3EFCE104ADF /* AppDelegate.h */ = {isa = PBXFileReference; lastKnownFileType = sourcecode.c.h; path = AppDelegate.h; sourceTree = "<group>"; };
		347A24842FC73DB0A50629939B35FEEC /* CLCSoftRouterManager.h */ = {isa = PBXFileReference; fileEncoding = 4; lastKnownFileType = sourcecode.c.h; path = CLCSoftRouterManager.h; sourceTree = "<group>"; };
		3C77117705B27920DFB4F7C6FC67B813 /* Reachability.h */ = {isa = PBXFileReference; fileEncoding = 4; lastKnownFileType = sourcecode.c.h; path = Reachability.h; sourceTree = "<group>"; };
		49361524BB4F6A72E65D0FCD7F4C9375 /* Base */ = {isa = PBXFileReference; lastKnownFileType = file.storyboard; name = Base; path = Base.lproj/Main.storyboard; sourceTree = "<group>"; };
		4BCE70EF39C17DE156EA79690C82A987 /* CLCStatusMenuController.h */ = {isa = PBXFileReference; fileEncoding = 4; lastKnownFileType = sourcecode.c.h; path = CLCStatusMenuController.h; sourceTree = "<group>"; };
		5A5DE46863033B35766C7ACE /* CLCShellExecutor.h */ = {isa = PBXFileReference; fileEncoding = 4; lastKnownFileType = sourcecode.c.h; path = CLCShellExecutor.h; sourceTree = "<group>"; };
		5A5DEF659163D1F6F3750837 /* CLCShellExecutor.m */ = {isa = PBXFileReference; fileEncoding = 4; lastKnownFileType = sourcecode.c.objc; path = CLCShellExecutor.m; sourceTree = "<group>"; };
		5AC904AD5C1CC0F023164AC0FA09129E /* Assets.xcassets */ = {isa = PBXFileReference; lastKnownFileType = folder.assetcatalog; path = Assets.xcassets; sourceTree = "<group>"; };
		6102A42A213AE546002796B7 /* CLCHttpServer.h */ = {isa = PBXFileReference; lastKnownFileType = sourcecode.c.h; path = CLCHttpServer.h; sourceTree = "<group>"; };
		6102A42B213AE546002796B7 /* CLCHttpServer.m */ = {isa = PBXFileReference; lastKnownFileType = sourcecode.c.objc; path = CLCHttpServer.m; sourceTree = "<group>"; };
		6B5A834B2D65CE95E94F80A3785DA2B0 /* Reachability.m */ = {isa = PBXFileReference; fileEncoding = 4; lastKnownFileType = sourcecode.c.objc; path = Reachability.m; sourceTree = "<group>"; };
		708C287E60F17C3D319F73D7CFE55336 /* CLCLogFormatter.h */ = {isa = PBXFileReference; fileEncoding = 4; lastKnownFileType = sourcecode.c.h; path = CLCLogFormatter.h; sourceTree = "<group>"; };
		72D3E3162B8989D76F1E7974094071CD /* CLCStatusMenuController.m */ = {isa = PBXFileReference; fileEncoding = 4; lastKnownFileType = sourcecode.c.objc; path = CLCStatusMenuController.m; sourceTree = "<group>"; };
		747C40A38BD6A058DEF05A39B807E961 /* CLCLogger.m */ = {isa = PBXFileReference; fileEncoding = 4; lastKnownFileType = sourcecode.c.objc; path = CLCLogger.m; sourceTree = "<group>"; };
		7504916F3BD0A5CE23888246DF82DD6E /* prefix.pch */ = {isa = PBXFileReference; fileEncoding = 4; lastKnownFileType = sourcecode.c.h; path = prefix.pch; sourceTree = "<group>"; };
		787108D7316B5580D40A5DC61440742E /* CLCSoftRouterManager.m */ = {isa = PBXFileReference; fileEncoding = 4; lastKnownFileType = sourcecode.c.objc; path = CLCSoftRouterManager.m; sourceTree = "<group>"; };
		83CF74FDF85C54C46987BA86AF85D9E1 /* CLCLogger.h */ = {isa = PBXFileReference; fileEncoding = 4; lastKnownFileType = sourcecode.c.h; path = CLCLogger.h; sourceTree = "<group>"; };
		873FCA4233612A1D8DF2D652749A3620 /* CLCNetInterfaceStatusManager.h */ = {isa = PBXFileReference; fileEncoding = 4; lastKnownFileType = sourcecode.c.h; path = CLCNetInterfaceStatusManager.h; sourceTree = "<group>"; };
		896C6E15E0C9B64EA4FF88BCDE80CD10 /* SoftRouterMonitor.entitlements */ = {isa = PBXFileReference; lastKnownFileType = text.plist.entitlements; path = SoftRouterMonitor.entitlements; sourceTree = "<group>"; };
		92205BA5F7F30857699BCC142F865E4D /* CLCLogFormatter.m */ = {isa = PBXFileReference; fileEncoding = 4; lastKnownFileType = sourcecode.c.objc; path = CLCLogFormatter.m; sourceTree = "<group>"; };
		97F96A4FB6A44DE6D989A708B9900A28 /* CLCSoftRouterStatusMonitorView.m */ = {isa = PBXFileReference; fileEncoding = 4; lastKnownFileType = sourcecode.c.objc; path = CLCSoftRouterStatusMonitorView.m; sourceTree = "<group>"; };
		98B560531C8F33D543254713318B2271 /* CLCSoftRouterStatusMonitorView.h */ = {isa = PBXFileReference; fileEncoding = 4; lastKnownFileType = sourcecode.c.h; path = CLCSoftRouterStatusMonitorView.h; sourceTree = "<group>"; };
		A24A45B1F8A982E95BBCEB15A987D94D /* CLCMiscUtils.h */ = {isa = PBXFileReference; fileEncoding = 4; lastKnownFileType = sourcecode.c.h; path = CLCMiscUtils.h; sourceTree = "<group>"; };
		A3F8EF6D5BDDA86F466B420F64F298EB /* Pods_SoftRouterMonitor.framework */ = {isa = PBXFileReference; explicitFileType = wrapper.framework; includeInIndex = 0; path = Pods_SoftRouterMonitor.framework; sourceTree = BUILT_PRODUCTS_DIR; };
		A6F5F7E9707FC507A29EDD54D849018B /* SoftRouterMonitor.app */ = {isa = PBXFileReference; explicitFileType = wrapper.application; includeInIndex = 0; path = SoftRouterMonitor.app; sourceTree = BUILT_PRODUCTS_DIR; };
		AD6090E8B876E5B87F61C5B676021FDA /* AppDelegate.m */ = {isa = PBXFileReference; lastKnownFileType = sourcecode.c.objc; path = AppDelegate.m; sourceTree = "<group>"; };
		BBEEA138C488031DABDA001D60166228 /* main.m */ = {isa = PBXFileReference; lastKnownFileType = sourcecode.c.objc; path = main.m; sourceTree = "<group>"; };
		BC661642501FA7F82C74F56C1DC59037 /* Info.plist */ = {isa = PBXFileReference; lastKnownFileType = text.plist.xml; path = Info.plist; sourceTree = "<group>"; };
		D32489C59FE13161B021B5EADF51BF40 /* CLCNetInterfaceStatusManager.m */ = {isa = PBXFileReference; fileEncoding = 4; lastKnownFileType = sourcecode.c.objc; path = CLCNetInterfaceStatusManager.m; sourceTree = "<group>"; };
		D47ECECF81739ABB7E079D499DD1E373 /* CLCShellUtils.m */ = {isa = PBXFileReference; fileEncoding = 4; lastKnownFileType = sourcecode.c.objc; path = CLCShellUtils.m; sourceTree = "<group>"; };
		E300CBBA2124B3B0AC4762D7609EECD0 /* Pods-SoftRouterMonitor.debug.xcconfig */ = {isa = PBXFileReference; includeInIndex = 1; lastKnownFileType = text.xcconfig; name = "Pods-SoftRouterMonitor.debug.xcconfig"; path = "../Pods/Target Support Files/Pods-SoftRouterMonitor/Pods-SoftRouterMonitor.debug.xcconfig"; sourceTree = "<group>"; };
		E6FFE70B1B1A9001DC31FDE688ABCDA9 /* CLCMiscUtils.m */ = {isa = PBXFileReference; fileEncoding = 4; lastKnownFileType = sourcecode.c.objc; path = CLCMiscUtils.m; sourceTree = "<group>"; };
		EBBBA65DB8BCBCC77B360CB51F0E7497 /* ViewController.h */ = {isa = PBXFileReference; lastKnownFileType = sourcecode.c.h; path = ViewController.h; sourceTree = "<group>"; };
		F285BD742D48A8315DA3A106321E4366 /* CLCShellUtils.h */ = {isa = PBXFileReference; fileEncoding = 4; lastKnownFileType = sourcecode.c.h; path = CLCShellUtils.h; sourceTree = "<group>"; };
		F32EF399BF93C63EB7F7D3744CECC0C6 /* Pods-SoftRouterMonitor.release.xcconfig */ = {isa = PBXFileReference; includeInIndex = 1; lastKnownFileType = text.xcconfig; name = "Pods-SoftRouterMonitor.release.xcconfig"; path = "../Pods/Target Support Files/Pods-SoftRouterMonitor/Pods-SoftRouterMonitor.release.xcconfig"; sourceTree = "<group>"; };
/* End PBXFileReference section */

/* Begin PBXFrameworksBuildPhase section */
		2DB0BA307AAA22BB2F14994098FAE499 /* Frameworks */ = {
			isa = PBXFrameworksBuildPhase;
			buildActionMask = 2147483647;
			files = (
				157179F88FD5B5A82F1E32CCBEEF5F76 /* Pods_SoftRouterMonitor.framework in Frameworks */,
			);
			runOnlyForDeploymentPostprocessing = 0;
		};
/* End PBXFrameworksBuildPhase section */

/* Begin PBXGroup section */
		20479C5DCC766F357D4EE37BCCED1294 = {
			isa = PBXGroup;
			children = (
				80B4CAAEA7ED00EDC5FE299340BFAE78 /* Frameworks */,
				A0BF408C5727DC7428EF70B0B1510C2D /* Pods */,
				949EBD6053DECDA252FBE6D98625E8A5 /* Products */,
				8F1F0C90A68D4FD9B126A76E7084B87A /* SoftRouterMonitor */,
			);
			sourceTree = "<group>";
		};
		80B4CAAEA7ED00EDC5FE299340BFAE78 /* Frameworks */ = {
			isa = PBXGroup;
			children = (
				A3F8EF6D5BDDA86F466B420F64F298EB /* Pods_SoftRouterMonitor.framework */,
			);
			name = Frameworks;
			sourceTree = "<group>";
		};
		8F1F0C90A68D4FD9B126A76E7084B87A /* SoftRouterMonitor */ = {
			isa = PBXGroup;
			children = (
				1B2DB6A28A726E3FBFA3F3EFCE104ADF /* AppDelegate.h */,
				AD6090E8B876E5B87F61C5B676021FDA /* AppDelegate.m */,
				5AC904AD5C1CC0F023164AC0FA09129E /* Assets.xcassets */,
				708C287E60F17C3D319F73D7CFE55336 /* CLCLogFormatter.h */,
				92205BA5F7F30857699BCC142F865E4D /* CLCLogFormatter.m */,
				83CF74FDF85C54C46987BA86AF85D9E1 /* CLCLogger.h */,
				747C40A38BD6A058DEF05A39B807E961 /* CLCLogger.m */,
				A24A45B1F8A982E95BBCEB15A987D94D /* CLCMiscUtils.h */,
				E6FFE70B1B1A9001DC31FDE688ABCDA9 /* CLCMiscUtils.m */,
				873FCA4233612A1D8DF2D652749A3620 /* CLCNetInterfaceStatusManager.h */,
				D32489C59FE13161B021B5EADF51BF40 /* CLCNetInterfaceStatusManager.m */,
				F285BD742D48A8315DA3A106321E4366 /* CLCShellUtils.h */,
				D47ECECF81739ABB7E079D499DD1E373 /* CLCShellUtils.m */,
				347A24842FC73DB0A50629939B35FEEC /* CLCSoftRouterManager.h */,
				787108D7316B5580D40A5DC61440742E /* CLCSoftRouterManager.m */,
				98B560531C8F33D543254713318B2271 /* CLCSoftRouterStatusMonitorView.h */,
				97F96A4FB6A44DE6D989A708B9900A28 /* CLCSoftRouterStatusMonitorView.m */,
				4BCE70EF39C17DE156EA79690C82A987 /* CLCStatusMenuController.h */,
				72D3E3162B8989D76F1E7974094071CD /* CLCStatusMenuController.m */,
				BC661642501FA7F82C74F56C1DC59037 /* Info.plist */,
				4C1D28B73BB3C52FCB63F364B85102FD /* Main.storyboard */,
				3C77117705B27920DFB4F7C6FC67B813 /* Reachability.h */,
				6B5A834B2D65CE95E94F80A3785DA2B0 /* Reachability.m */,
				896C6E15E0C9B64EA4FF88BCDE80CD10 /* SoftRouterMonitor.entitlements */,
				EBBBA65DB8BCBCC77B360CB51F0E7497 /* ViewController.h */,
				09E3505FF80FFB6E3470E6438D44046A /* ViewController.m */,
				BBEEA138C488031DABDA001D60166228 /* main.m */,
				7504916F3BD0A5CE23888246DF82DD6E /* prefix.pch */,
				5A5DEF659163D1F6F3750837 /* CLCShellExecutor.m */,
				5A5DE46863033B35766C7ACE /* CLCShellExecutor.h */,
				6102A42A213AE546002796B7 /* CLCHttpServer.h */,
				6102A42B213AE546002796B7 /* CLCHttpServer.m */,
			);
			path = SoftRouterMonitor;
			sourceTree = "<group>";
		};
		949EBD6053DECDA252FBE6D98625E8A5 /* Products */ = {
			isa = PBXGroup;
			children = (
				A6F5F7E9707FC507A29EDD54D849018B /* SoftRouterMonitor.app */,
			);
			name = Products;
			sourceTree = "<group>";
		};
		A0BF408C5727DC7428EF70B0B1510C2D /* Pods */ = {
			isa = PBXGroup;
			children = (
				E300CBBA2124B3B0AC4762D7609EECD0 /* Pods-SoftRouterMonitor.debug.xcconfig */,
				F32EF399BF93C63EB7F7D3744CECC0C6 /* Pods-SoftRouterMonitor.release.xcconfig */,
			);
			name = Pods;
			sourceTree = "<group>";
		};
/* End PBXGroup section */

/* Begin PBXNativeTarget section */
		3A9A50238DE25BBACF59C3781041140F /* SoftRouterMonitor */ = {
			isa = PBXNativeTarget;
			buildConfigurationList = D7434C1D341ED8577F617D2EF5B4567C /* Build configuration list for PBXNativeTarget "SoftRouterMonitor" */;
			buildPhases = (
				2D077CA3471D06DF0F8CEFFB54ADB28B /* [CP] Check Pods Manifest.lock */,
				79E7B44DB1236688F7FFDDFF09485B01 /* Sources */,
				2DB0BA307AAA22BB2F14994098FAE499 /* Frameworks */,
				7875ED4DE3CB6120A87F04293CC24973 /* Resources */,
				26142D80B9ADD6893DCE04D4ECCC591B /* [CP] Embed Pods Frameworks */,
				36C5A2272535D08FD9F14BD6A17EED05 /* [CP] Copy Pods Resources */,
			);
			buildRules = (
			);
			dependencies = (
			);
			name = SoftRouterMonitor;
			productName = SoftRouterMonitor;
			productReference = A6F5F7E9707FC507A29EDD54D849018B /* SoftRouterMonitor.app */;
			productType = "com.apple.product-type.application";
		};
/* End PBXNativeTarget section */

/* Begin PBXProject section */
		A4936762ECF52459F90572B253A4F1F8 /* Project object */ = {
			isa = PBXProject;
			attributes = {
				LastUpgradeCheck = 0920;
				ORGANIZATIONNAME = CloudChou;
				TargetAttributes = {
					3A9A50238DE25BBACF59C3781041140F = {
						CreatedOnToolsVersion = 9.2;
						ProvisioningStyle = Automatic;
					};
				};
			};
			buildConfigurationList = E5C59AA9DFC0DEBDE52D31B008302D43 /* Build configuration list for PBXProject "SoftRouterMonitor" */;
			compatibilityVersion = "Xcode 8.0";
			developmentRegion = en;
			hasScannedForEncodings = 0;
			knownRegions = (
				en,
				Base,
			);
			mainGroup = 20479C5DCC766F357D4EE37BCCED1294;
			productRefGroup = 949EBD6053DECDA252FBE6D98625E8A5 /* Products */;
			projectDirPath = "";
			projectRoot = "";
			targets = (
				3A9A50238DE25BBACF59C3781041140F /* SoftRouterMonitor */,
			);
		};
/* End PBXProject section */

/* Begin PBXResourcesBuildPhase section */
		7875ED4DE3CB6120A87F04293CC24973 /* Resources */ = {
			isa = PBXResourcesBuildPhase;
			buildActionMask = 2147483647;
			files = (
				C8507A3E9A71C3E42ED028F40662FF31 /* Assets.xcassets in Resources */,
				114F020F102E63708A26D583F80AE2DE /* Main.storyboard in Resources */,
			);
			runOnlyForDeploymentPostprocessing = 0;
		};
/* End PBXResourcesBuildPhase section */

/* Begin PBXShellScriptBuildPhase section */
		26142D80B9ADD6893DCE04D4ECCC591B /* [CP] Embed Pods Frameworks */ = {
			isa = PBXShellScriptBuildPhase;
			buildActionMask = 2147483647;
			files = (
			);
			inputPaths = (
				"${SRCROOT}/../Pods/Target Support Files/Pods-SoftRouterMonitor/Pods-SoftRouterMonitor-frameworks.sh",
				"${BUILT_PRODUCTS_DIR}/CocoaLumberjack/CocoaLumberjack.framework",
				"${BUILT_PRODUCTS_DIR}/GCDWebServer/GCDWebServer.framework",
				"${BUILT_PRODUCTS_DIR}/ReactiveObjC/ReactiveObjC.framework",
			);
			name = "[CP] Embed Pods Frameworks";
			outputPaths = (
				"${TARGET_BUILD_DIR}/${FRAMEWORKS_FOLDER_PATH}/CocoaLumberjack.framework",
				"${TARGET_BUILD_DIR}/${FRAMEWORKS_FOLDER_PATH}/GCDWebServer.framework",
				"${TARGET_BUILD_DIR}/${FRAMEWORKS_FOLDER_PATH}/ReactiveObjC.framework",
			);
			runOnlyForDeploymentPostprocessing = 0;
			shellPath = /bin/sh;
			shellScript = "\"${SRCROOT}/../Pods/Target Support Files/Pods-SoftRouterMonitor/Pods-SoftRouterMonitor-frameworks.sh\"\n";
			showEnvVarsInLog = 0;
		};
		2D077CA3471D06DF0F8CEFFB54ADB28B /* [CP] Check Pods Manifest.lock */ = {
			isa = PBXShellScriptBuildPhase;
			buildActionMask = 2147483647;
			files = (
			);
			inputPaths = (
				"${PODS_PODFILE_DIR_PATH}/Podfile.lock",
				"${PODS_ROOT}/Manifest.lock",
			);
			name = "[CP] Check Pods Manifest.lock";
			outputPaths = (
				"$(DERIVED_FILE_DIR)/Pods-SoftRouterMonitor-checkManifestLockResult.txt",
			);
			runOnlyForDeploymentPostprocessing = 0;
			shellPath = /bin/sh;
			shellScript = "diff \"${PODS_PODFILE_DIR_PATH}/Podfile.lock\" \"${PODS_ROOT}/Manifest.lock\" > /dev/null\nif [ $? != 0 ] ; then\n    # print error to STDERR\n    echo \"error: The sandbox is not in sync with the Podfile.lock. Run 'pod install' or update your CocoaPods installation.\" >&2\n    exit 1\nfi\n# This output is used by Xcode 'outputs' to avoid re-running this script phase.\necho \"SUCCESS\" > \"${SCRIPT_OUTPUT_FILE_0}\"\n";
			showEnvVarsInLog = 0;
		};
		36C5A2272535D08FD9F14BD6A17EED05 /* [CP] Copy Pods Resources */ = {
			isa = PBXShellScriptBuildPhase;
			buildActionMask = 2147483647;
			files = (
			);
			inputPaths = (
			);
			name = "[CP] Copy Pods Resources";
			outputPaths = (
			);
			runOnlyForDeploymentPostprocessing = 0;
			shellPath = /bin/sh;
			shellScript = "\"${SRCROOT}/../Pods/Target Support Files/Pods-SoftRouterMonitor/Pods-SoftRouterMonitor-resources.sh\"\n";
			showEnvVarsInLog = 0;
		};
/* End PBXShellScriptBuildPhase section */

/* Begin PBXSourcesBuildPhase section */
		79E7B44DB1236688F7FFDDFF09485B01 /* Sources */ = {
			isa = PBXSourcesBuildPhase;
			buildActionMask = 2147483647;
			files = (
				06274392373D51C0E191DB690B3A601A /* AppDelegate.m in Sources */,
				9E565D97B2044C185D9FC0B2A63162CE /* CLCLogFormatter.m in Sources */,
				F3F7AC24CF0FE60A054B240529656E16 /* CLCLogger.m in Sources */,
				1480BAD8FBFE0BB01DAA136D9E0BC320 /* CLCMiscUtils.m in Sources */,
				B7D04D522F2D4F440098C4D58A5C0908 /* CLCNetInterfaceStatusManager.m in Sources */,
				6102A42C213AE546002796B7 /* CLCHttpServer.m in Sources */,
				B6FCD2A1ACE94FF56CE6E5FB1313344A /* CLCShellUtils.m in Sources */,
				37EB25174D1F5838428839D25FA6C166 /* CLCSoftRouterManager.m in Sources */,
				2C6C018ACA8CFC859A6E190BB9023EAB /* CLCSoftRouterStatusMonitorView.m in Sources */,
				3BDB15B4DDC189943BA39BF696345C34 /* CLCStatusMenuController.m in Sources */,
				AE0BCB6D6FE6006FE452861543B2617A /* Reachability.m in Sources */,
				56E05780FC6CA104C7DFD325F54BF7AE /* ViewController.m in Sources */,
				E1D7006D2743325815099D139CD63703 /* main.m in Sources */,
				5A5DE159499A59F1E2093C71 /* CLCShellExecutor.m in Sources */,
			);
			runOnlyForDeploymentPostprocessing = 0;
		};
/* End PBXSourcesBuildPhase section */

/* Begin PBXVariantGroup section */
		4C1D28B73BB3C52FCB63F364B85102FD /* Main.storyboard */ = {
			isa = PBXVariantGroup;
			children = (
				49361524BB4F6A72E65D0FCD7F4C9375 /* Base */,
			);
			name = Main.storyboard;
			sourceTree = "<group>";
		};
/* End PBXVariantGroup section */

/* Begin XCBuildConfiguration section */
		4159BC7BC603A395B6F54BC60552A38F /* Debug */ = {
			isa = XCBuildConfiguration;
			buildSettings = {
				ALWAYS_SEARCH_USER_PATHS = NO;
				CLANG_ANALYZER_NONNULL = YES;
				CLANG_ANALYZER_NUMBER_OBJECT_CONVERSION = YES_AGGRESSIVE;
				CLANG_CXX_LANGUAGE_STANDARD = "gnu++14";
				CLANG_CXX_LIBRARY = "libc++";
				CLANG_ENABLE_MODULES = YES;
				CLANG_ENABLE_OBJC_ARC = YES;
				CLANG_WARN_BLOCK_CAPTURE_AUTORELEASING = YES;
				CLANG_WARN_BOOL_CONVERSION = YES;
				CLANG_WARN_COMMA = YES;
				CLANG_WARN_CONSTANT_CONVERSION = YES;
				CLANG_WARN_DIRECT_OBJC_ISA_USAGE = YES_ERROR;
				CLANG_WARN_DOCUMENTATION_COMMENTS = YES;
				CLANG_WARN_EMPTY_BODY = YES;
				CLANG_WARN_ENUM_CONVERSION = YES;
				CLANG_WARN_INFINITE_RECURSION = YES;
				CLANG_WARN_INT_CONVERSION = YES;
				CLANG_WARN_NON_LITERAL_NULL_CONVERSION = YES;
				CLANG_WARN_OBJC_LITERAL_CONVERSION = YES;
				CLANG_WARN_OBJC_ROOT_CLASS = YES_ERROR;
				CLANG_WARN_RANGE_LOOP_ANALYSIS = YES;
				CLANG_WARN_STRICT_PROTOTYPES = YES;
				CLANG_WARN_SUSPICIOUS_MOVE = YES;
				CLANG_WARN_UNGUARDED_AVAILABILITY = YES_AGGRESSIVE;
				CLANG_WARN_UNREACHABLE_CODE = YES;
				CLANG_WARN__DUPLICATE_METHOD_MATCH = YES;
				CODE_SIGN_IDENTITY = "Mac Developer";
				COPY_PHASE_STRIP = NO;
				DEBUG_INFORMATION_FORMAT = dwarf;
				ENABLE_STRICT_OBJC_MSGSEND = YES;
				ENABLE_TESTABILITY = YES;
				GCC_C_LANGUAGE_STANDARD = gnu11;
				GCC_DYNAMIC_NO_PIC = NO;
				GCC_NO_COMMON_BLOCKS = YES;
				GCC_OPTIMIZATION_LEVEL = 0;
				GCC_PREPROCESSOR_DEFINITIONS = (
					"DEBUG=1",
					"$(inherited)",
				);
				GCC_WARN_64_TO_32_BIT_CONVERSION = YES;
				GCC_WARN_ABOUT_RETURN_TYPE = YES_ERROR;
				GCC_WARN_UNDECLARED_SELECTOR = YES;
				GCC_WARN_UNINITIALIZED_AUTOS = YES_AGGRESSIVE;
				GCC_WARN_UNUSED_FUNCTION = YES;
				GCC_WARN_UNUSED_VARIABLE = YES;
				MACOSX_DEPLOYMENT_TARGET = 10.13;
				MTL_ENABLE_DEBUG_INFO = YES;
				ONLY_ACTIVE_ARCH = YES;
				SDKROOT = macosx;
			};
			name = Debug;
		};
		5379A9EDF81DED982A86D0F9E8E90698 /* Debug */ = {
			isa = XCBuildConfiguration;
			baseConfigurationReference = E300CBBA2124B3B0AC4762D7609EECD0 /* Pods-SoftRouterMonitor.debug.xcconfig */;
			buildSettings = {
				ASSETCATALOG_COMPILER_APPICON_NAME = AppIcon;
				CODE_SIGN_ENTITLEMENTS = SoftRouterMonitor/SoftRouterMonitor.entitlements;
				CODE_SIGN_STYLE = Automatic;
				COMBINE_HIDPI_IMAGES = YES;
				DEVELOPMENT_TEAM = N82D23F8DN;
				GCC_PREFIX_HEADER = SoftRouterMonitor/prefix.pch;
				INFOPLIST_FILE = SoftRouterMonitor/Info.plist;
				LD_RUNPATH_SEARCH_PATHS = "$(inherited) @executable_path/../Frameworks";
				PRODUCT_BUNDLE_IDENTIFIER = com.cloudchou.SoftRouterMonitor;
				PRODUCT_NAME = "$(TARGET_NAME)";
			};
			name = Debug;
		};
		7050E1E3710C52758986A086D5CF25CD /* Release */ = {
			isa = XCBuildConfiguration;
			baseConfigurationReference = F32EF399BF93C63EB7F7D3744CECC0C6 /* Pods-SoftRouterMonitor.release.xcconfig */;
			buildSettings = {
				ASSETCATALOG_COMPILER_APPICON_NAME = AppIcon;
				CODE_SIGN_ENTITLEMENTS = SoftRouterMonitor/SoftRouterMonitor.entitlements;
				CODE_SIGN_STYLE = Automatic;
				COMBINE_HIDPI_IMAGES = YES;
				DEVELOPMENT_TEAM = N82D23F8DN;
				GCC_PREFIX_HEADER = SoftRouterMonitor/prefix.pch;
				INFOPLIST_FILE = SoftRouterMonitor/Info.plist;
				LD_RUNPATH_SEARCH_PATHS = "$(inherited) @executable_path/../Frameworks";
				PRODUCT_BUNDLE_IDENTIFIER = com.cloudchou.SoftRouterMonitor;
				PRODUCT_NAME = "$(TARGET_NAME)";
			};
			name = Release;
		};
		D98AA76500CCE7A6EC5DA56824FE234E /* Release */ = {
			isa = XCBuildConfiguration;
			buildSettings = {
				ALWAYS_SEARCH_USER_PATHS = NO;
				CLANG_ANALYZER_NONNULL = YES;
				CLANG_ANALYZER_NUMBER_OBJECT_CONVERSION = YES_AGGRESSIVE;
				CLANG_CXX_LANGUAGE_STANDARD = "gnu++14";
				CLANG_CXX_LIBRARY = "libc++";
				CLANG_ENABLE_MODULES = YES;
				CLANG_ENABLE_OBJC_ARC = YES;
				CLANG_WARN_BLOCK_CAPTURE_AUTORELEASING = YES;
				CLANG_WARN_BOOL_CONVERSION = YES;
				CLANG_WARN_COMMA = YES;
				CLANG_WARN_CONSTANT_CONVERSION = YES;
				CLANG_WARN_DIRECT_OBJC_ISA_USAGE = YES_ERROR;
				CLANG_WARN_DOCUMENTATION_COMMENTS = YES;
				CLANG_WARN_EMPTY_BODY = YES;
				CLANG_WARN_ENUM_CONVERSION = YES;
				CLANG_WARN_INFINITE_RECURSION = YES;
				CLANG_WARN_INT_CONVERSION = YES;
				CLANG_WARN_NON_LITERAL_NULL_CONVERSION = YES;
				CLANG_WARN_OBJC_LITERAL_CONVERSION = YES;
				CLANG_WARN_OBJC_ROOT_CLASS = YES_ERROR;
				CLANG_WARN_RANGE_LOOP_ANALYSIS = YES;
				CLANG_WARN_STRICT_PROTOTYPES = YES;
				CLANG_WARN_SUSPICIOUS_MOVE = YES;
				CLANG_WARN_UNGUARDED_AVAILABILITY = YES_AGGRESSIVE;
				CLANG_WARN_UNREACHABLE_CODE = YES;
				CLANG_WARN__DUPLICATE_METHOD_MATCH = YES;
				CODE_SIGN_IDENTITY = "Mac Developer";
				COPY_PHASE_STRIP = NO;
				DEBUG_INFORMATION_FORMAT = "dwarf-with-dsym";
				ENABLE_NS_ASSERTIONS = NO;
				ENABLE_STRICT_OBJC_MSGSEND = YES;
				GCC_C_LANGUAGE_STANDARD = gnu11;
				GCC_NO_COMMON_BLOCKS = YES;
				GCC_WARN_64_TO_32_BIT_CONVERSION = YES;
				GCC_WARN_ABOUT_RETURN_TYPE = YES_ERROR;
				GCC_WARN_UNDECLARED_SELECTOR = YES;
				GCC_WARN_UNINITIALIZED_AUTOS = YES_AGGRESSIVE;
				GCC_WARN_UNUSED_FUNCTION = YES;
				GCC_WARN_UNUSED_VARIABLE = YES;
				MACOSX_DEPLOYMENT_TARGET = 10.13;
				MTL_ENABLE_DEBUG_INFO = NO;
				SDKROOT = macosx;
			};
			name = Release;
		};
/* End XCBuildConfiguration section */

/* Begin XCConfigurationList section */
		D7434C1D341ED8577F617D2EF5B4567C /* Build configuration list for PBXNativeTarget "SoftRouterMonitor" */ = {
			isa = XCConfigurationList;
			buildConfigurations = (
				5379A9EDF81DED982A86D0F9E8E90698 /* Debug */,
				7050E1E3710C52758986A086D5CF25CD /* Release */,
			);
			defaultConfigurationIsVisible = 0;
			defaultConfigurationName = Release;
		};
		E5C59AA9DFC0DEBDE52D31B008302D43 /* Build configuration list for PBXProject "SoftRouterMonitor" */ = {
			isa = XCConfigurationList;
			buildConfigurations = (
				4159BC7BC603A395B6F54BC60552A38F /* Debug */,
				D98AA76500CCE7A6EC5DA56824FE234E /* Release */,
			);
			defaultConfigurationIsVisible = 0;
			defaultConfigurationName = Release;
		};
/* End XCConfigurationList section */
	};
	rootObject = A4936762ECF52459F90572B253A4F1F8 /* Project object */;
}
